// !$*UTF8*$!
{
	archiveVersion = 1;
	classes = {
	};
	objectVersion = 77;
	objects = {

/* Begin PBXContainerItemProxy section */
		95B1F5532E9FDD5D00777560 /* PBXContainerItemProxy */ = {
			isa = PBXContainerItemProxy;
			containerPortal = 95B1F5382E9FDD5C00777560 /* Project object */;
			proxyType = 1;
			remoteGlobalIDString = 95B1F53F2E9FDD5C00777560;
			remoteInfo = Sherpa;
		};
		95B1F55D2E9FDD5D00777560 /* PBXContainerItemProxy */ = {
			isa = PBXContainerItemProxy;
			containerPortal = 95B1F5382E9FDD5C00777560 /* Project object */;
			proxyType = 1;
			remoteGlobalIDString = 95B1F53F2E9FDD5C00777560;
			remoteInfo = Sherpa;
		};
/* End PBXContainerItemProxy section */

/* Begin PBXFileReference section */
		95B1F5402E9FDD5C00777560 /* Sherpa.app */ = {isa = PBXFileReference; explicitFileType = wrapper.application; includeInIndex = 0; path = Sherpa.app; sourceTree = BUILT_PRODUCTS_DIR; };
		95B1F5522E9FDD5D00777560 /* SherpaTests.xctest */ = {isa = PBXFileReference; explicitFileType = wrapper.cfbundle; includeInIndex = 0; path = SherpaTests.xctest; sourceTree = BUILT_PRODUCTS_DIR; };
		95B1F55C2E9FDD5D00777560 /* SherpaUITests.xctest */ = {isa = PBXFileReference; explicitFileType = wrapper.cfbundle; includeInIndex = 0; path = SherpaUITests.xctest; sourceTree = BUILT_PRODUCTS_DIR; };
		835B72B9F152412A86D068B8 /* Base.xcconfig */ = {isa = PBXFileReference; lastKnownFileType = text.xcconfig; name = Base.xcconfig; path = Config/xcconfigs/Base.xcconfig; sourceTree = "<group>"; };
		9CC6F77D5CA5421293A4CE78 /* Staging.xcconfig */ = {isa = PBXFileReference; lastKnownFileType = text.xcconfig; name = Staging.xcconfig; path = Config/xcconfigs/Staging.xcconfig; sourceTree = "<group>"; };
		BA6F1624A5664F65AC8E9883 /* Debug.xcconfig */ = {isa = PBXFileReference; lastKnownFileType = text.xcconfig; name = Debug.xcconfig; path = Config/xcconfigs/Debug.xcconfig; sourceTree = "<group>"; };
		EB07CD80E852463C8B05D09D /* Release.xcconfig */ = {isa = PBXFileReference; lastKnownFileType = text.xcconfig; name = Release.xcconfig; path = Config/xcconfigs/Release.xcconfig; sourceTree = "<group>"; };
		D58892C7A50C4DE08A4338CC /* Project.Debug.xcconfig */ = {isa = PBXFileReference; lastKnownFileType = text.xcconfig; name = Project.Debug.xcconfig; path = Config/xcconfigs/Project.Debug.xcconfig; sourceTree = "<group>"; };
		284C4B773FA74314B7A33E6C /* Project.Release.xcconfig */ = {isa = PBXFileReference; lastKnownFileType = text.xcconfig; name = Project.Release.xcconfig; path = Config/xcconfigs/Project.Release.xcconfig; sourceTree = "<group>"; };
		221F697753D642568799B750 /* Project.Staging.xcconfig */ = {isa = PBXFileReference; lastKnownFileType = text.xcconfig; name = Project.Staging.xcconfig; path = Config/xcconfigs/Project.Staging.xcconfig; sourceTree = "<group>"; };
		E46BA0D402934E1BB297E1E4 /* Tests.xcconfig */ = {isa = PBXFileReference; lastKnownFileType = text.xcconfig; name = Tests.xcconfig; path = Config/xcconfigs/Tests.xcconfig; sourceTree = "<group>"; };
		0B3744B3D33D4C249F93880F /* UITests.xcconfig */ = {isa = PBXFileReference; lastKnownFileType = text.xcconfig; name = UITests.xcconfig; path = Config/xcconfigs/UITests.xcconfig; sourceTree = "<group>"; };
/* End PBXFileReference section */

/* Begin PBXFileSystemSynchronizedRootGroup section */
		4AE6848246324E81AE26FF5B /* Scripts */ = {
			isa = PBXFileSystemSynchronizedRootGroup;
			path = Scripts;
			sourceTree = "<group>";
		};
		7BFFDC084A35492398A50C46 /* Config */ = {
			isa = PBXFileSystemSynchronizedRootGroup;
			path = Config;
			sourceTree = "<group>";
		};
		85DC43FEDD1747B59DB3A8FD /* Docs */ = {
			isa = PBXFileSystemSynchronizedRootGroup;
			path = Docs;
			sourceTree = "<group>";
		};
		95B1F5422E9FDD5C00777560 /* Sherpa */ = {
			isa = PBXFileSystemSynchronizedRootGroup;
			path = Sherpa;
			sourceTree = "<group>";
		};
		95B1F5552E9FDD5D00777560 /* SherpaTests */ = {
			isa = PBXFileSystemSynchronizedRootGroup;
			path = SherpaTests;
			sourceTree = "<group>";
		};
		95B1F55F2E9FDD5D00777560 /* SherpaUITests */ = {
			isa = PBXFileSystemSynchronizedRootGroup;
			path = SherpaUITests;
			sourceTree = "<group>";
		};
/* End PBXFileSystemSynchronizedRootGroup section */

/* Begin PBXFrameworksBuildPhase section */
		95B1F53D2E9FDD5C00777560 /* Frameworks */ = {
			isa = PBXFrameworksBuildPhase;
			buildActionMask = 2147483647;
			files = (
			);
			runOnlyForDeploymentPostprocessing = 0;
		};
		95B1F54F2E9FDD5D00777560 /* Frameworks */ = {
			isa = PBXFrameworksBuildPhase;
			buildActionMask = 2147483647;
			files = (
			);
			runOnlyForDeploymentPostprocessing = 0;
		};
		95B1F5592E9FDD5D00777560 /* Frameworks */ = {
			isa = PBXFrameworksBuildPhase;
			buildActionMask = 2147483647;
			files = (
			);
			runOnlyForDeploymentPostprocessing = 0;
		};
/* End PBXFrameworksBuildPhase section */

/* Begin PBXGroup section */
	95799C492EAA6715006823BE /* Recovered References */ = {
		isa = PBXGroup;
		children = (
			835B72B9F152412A86D068B8 /* Base.xcconfig */,
			BA6F1624A5664F65AC8E9883 /* Debug.xcconfig */,
			EB07CD80E852463C8B05D09D /* Release.xcconfig */,
			9CC6F77D5CA5421293A4CE78 /* Staging.xcconfig */,
			D58892C7A50C4DE08A4338CC /* Project.Debug.xcconfig */,
			284C4B773FA74314B7A33E6C /* Project.Release.xcconfig */,
			221F697753D642568799B750 /* Project.Staging.xcconfig */,
			E46BA0D402934E1BB297E1E4 /* Tests.xcconfig */,
			0B3744B3D33D4C249F93880F /* UITests.xcconfig */,
		);
			name = "Recovered References";
			sourceTree = "<group>";
		};
		95B1F5372E9FDD5C00777560 = {
			isa = PBXGroup;
			children = (
				95B1F5422E9FDD5C00777560 /* Sherpa */,
				95B1F5552E9FDD5D00777560 /* SherpaTests */,
				95B1F55F2E9FDD5D00777560 /* SherpaUITests */,
				7BFFDC084A35492398A50C46 /* Config */,
				85DC43FEDD1747B59DB3A8FD /* Docs */,
				4AE6848246324E81AE26FF5B /* Scripts */,
				95B1F5412E9FDD5C00777560 /* Products */,
				95799C492EAA6715006823BE /* Recovered References */,
			);
			sourceTree = "<group>";
		};
		95B1F5412E9FDD5C00777560 /* Products */ = {
			isa = PBXGroup;
			children = (
				95B1F5402E9FDD5C00777560 /* Sherpa.app */,
				95B1F5522E9FDD5D00777560 /* SherpaTests.xctest */,
				95B1F55C2E9FDD5D00777560 /* SherpaUITests.xctest */,
			);
			name = Products;
			sourceTree = "<group>";
		};
/* End PBXGroup section */

/* Begin PBXNativeTarget section */
		95B1F53F2E9FDD5C00777560 /* Sherpa */ = {
			isa = PBXNativeTarget;
			buildConfigurationList = 95B1F5662E9FDD5D00777560 /* Build configuration list for PBXNativeTarget "Sherpa" */;
			buildPhases = (
				95B1F53C2E9FDD5C00777560 /* Sources */,
				95B1F53D2E9FDD5C00777560 /* Frameworks */,
				95B1F53E2E9FDD5C00777560 /* Resources */,
			);
			buildRules = (
			);
			dependencies = (
			);
			fileSystemSynchronizedGroups = (
				95B1F5422E9FDD5C00777560 /* Sherpa */,
			);
			name = Sherpa;
			packageProductDependencies = (
			);
			productName = Sherpa;
			productReference = 95B1F5402E9FDD5C00777560 /* Sherpa.app */;
			productType = "com.apple.product-type.application";
		};
		95B1F5512E9FDD5D00777560 /* SherpaTests */ = {
			isa = PBXNativeTarget;
			buildConfigurationList = 95B1F5692E9FDD5D00777560 /* Build configuration list for PBXNativeTarget "SherpaTests" */;
			buildPhases = (
				95B1F54E2E9FDD5D00777560 /* Sources */,
				95B1F54F2E9FDD5D00777560 /* Frameworks */,
				95B1F5502E9FDD5D00777560 /* Resources */,
			);
			buildRules = (
			);
			dependencies = (
				95B1F5542E9FDD5D00777560 /* PBXTargetDependency */,
			);
			fileSystemSynchronizedGroups = (
				95B1F5552E9FDD5D00777560 /* SherpaTests */,
			);
			name = SherpaTests;
			packageProductDependencies = (
			);
			productName = SherpaTests;
			productReference = 95B1F5522E9FDD5D00777560 /* SherpaTests.xctest */;
			productType = "com.apple.product-type.bundle.unit-test";
		};
		95B1F55B2E9FDD5D00777560 /* SherpaUITests */ = {
			isa = PBXNativeTarget;
			buildConfigurationList = 95B1F56C2E9FDD5D00777560 /* Build configuration list for PBXNativeTarget "SherpaUITests" */;
			buildPhases = (
				95B1F5582E9FDD5D00777560 /* Sources */,
				95B1F5592E9FDD5D00777560 /* Frameworks */,
				95B1F55A2E9FDD5D00777560 /* Resources */,
			);
			buildRules = (
			);
			dependencies = (
				95B1F55E2E9FDD5D00777560 /* PBXTargetDependency */,
			);
			fileSystemSynchronizedGroups = (
				95B1F55F2E9FDD5D00777560 /* SherpaUITests */,
			);
			name = SherpaUITests;
			packageProductDependencies = (
			);
			productName = SherpaUITests;
			productReference = 95B1F55C2E9FDD5D00777560 /* SherpaUITests.xctest */;
			productType = "com.apple.product-type.bundle.ui-testing";
		};
/* End PBXNativeTarget section */

/* Begin PBXProject section */
		95B1F5382E9FDD5C00777560 /* Project object */ = {
			isa = PBXProject;
			attributes = {
				BuildIndependentTargetsInParallel = 1;
				LastSwiftUpdateCheck = 2600;
				LastUpgradeCheck = 2600;
				TargetAttributes = {
					95B1F53F2E9FDD5C00777560 = {
						CreatedOnToolsVersion = 26.0.1;
					};
					95B1F5512E9FDD5D00777560 = {
						CreatedOnToolsVersion = 26.0.1;
						TestTargetID = 95B1F53F2E9FDD5C00777560;
					};
					95B1F55B2E9FDD5D00777560 = {
						CreatedOnToolsVersion = 26.0.1;
						TestTargetID = 95B1F53F2E9FDD5C00777560;
					};
				};
			};
			buildConfigurationList = 95B1F53B2E9FDD5C00777560 /* Build configuration list for PBXProject "Sherpa" */;
			developmentRegion = en;
			hasScannedForEncodings = 0;
			knownRegions = (
				en,
				Base,
			);
			mainGroup = 95B1F5372E9FDD5C00777560;
			minimizedProjectReferenceProxies = 1;
			preferredProjectObjectVersion = 77;
			productRefGroup = 95B1F5412E9FDD5C00777560 /* Products */;
			projectDirPath = "";
			projectRoot = "";
			targets = (
				95B1F53F2E9FDD5C00777560 /* Sherpa */,
				95B1F5512E9FDD5D00777560 /* SherpaTests */,
				95B1F55B2E9FDD5D00777560 /* SherpaUITests */,
			);
		};
/* End PBXProject section */

/* Begin PBXResourcesBuildPhase section */
		95B1F53E2E9FDD5C00777560 /* Resources */ = {
			isa = PBXResourcesBuildPhase;
			buildActionMask = 2147483647;
			files = (
			);
			runOnlyForDeploymentPostprocessing = 0;
		};
		95B1F5502E9FDD5D00777560 /* Resources */ = {
			isa = PBXResourcesBuildPhase;
			buildActionMask = 2147483647;
			files = (
			);
			runOnlyForDeploymentPostprocessing = 0;
		};
		95B1F55A2E9FDD5D00777560 /* Resources */ = {
			isa = PBXResourcesBuildPhase;
			buildActionMask = 2147483647;
			files = (
			);
			runOnlyForDeploymentPostprocessing = 0;
		};
/* End PBXResourcesBuildPhase section */

/* Begin PBXSourcesBuildPhase section */
		95B1F53C2E9FDD5C00777560 /* Sources */ = {
			isa = PBXSourcesBuildPhase;
			buildActionMask = 2147483647;
			files = (
			);
			runOnlyForDeploymentPostprocessing = 0;
		};
		95B1F54E2E9FDD5D00777560 /* Sources */ = {
			isa = PBXSourcesBuildPhase;
			buildActionMask = 2147483647;
			files = (
			);
			runOnlyForDeploymentPostprocessing = 0;
		};
		95B1F5582E9FDD5D00777560 /* Sources */ = {
			isa = PBXSourcesBuildPhase;
			buildActionMask = 2147483647;
			files = (
			);
			runOnlyForDeploymentPostprocessing = 0;
		};
/* End PBXSourcesBuildPhase section */

/* Begin PBXTargetDependency section */
		95B1F5542E9FDD5D00777560 /* PBXTargetDependency */ = {
			isa = PBXTargetDependency;
			target = 95B1F53F2E9FDD5C00777560 /* Sherpa */;
			targetProxy = 95B1F5532E9FDD5D00777560 /* PBXContainerItemProxy */;
		};
		95B1F55E2E9FDD5D00777560 /* PBXTargetDependency */ = {
			isa = PBXTargetDependency;
			target = 95B1F53F2E9FDD5C00777560 /* Sherpa */;
			targetProxy = 95B1F55D2E9FDD5D00777560 /* PBXContainerItemProxy */;
		};
/* End PBXTargetDependency section */

/* Begin XCBuildConfiguration section */
		3307759A6383429088662B7D /* Staging */ = {
			isa = XCBuildConfiguration;
			baseConfigurationReference = 9CC6F77D5CA5421293A4CE78 /* Staging.xcconfig */;
			buildSettings = {
				ASSETCATALOG_COMPILER_APPICON_NAME = AppIcon;
				ASSETCATALOG_COMPILER_GLOBAL_ACCENT_COLOR_NAME = AccentColor;
				CURRENT_PROJECT_VERSION = 1;
				DEVELOPMENT_ASSET_PATHS = "\"Sherpa/Resources/Preview Content/Preview Assets.xcassets\"";
				DEVELOPMENT_TEAM = F5P964R966;
				ENABLE_PREVIEWS = YES;
				GENERATE_INFOPLIST_FILE = NO;
				LD_RUNPATH_SEARCH_PATHS = (
					"$(inherited)",
					"@executable_path/Frameworks",
				);
				MARKETING_VERSION = 1.0;
				PRIVACY_MANIFEST_FILE = Sherpa/Resources/PrivacyInfo.xcprivacy;
				STRING_CATALOG_GENERATE_SYMBOLS = YES;
				SWIFT_APPROACHABLE_CONCURRENCY = YES;
				SWIFT_DEFAULT_ACTOR_ISOLATION = MainActor;
				SWIFT_EMIT_LOC_STRINGS = YES;
				SWIFT_UPCOMING_FEATURE_MEMBER_IMPORT_VISIBILITY = YES;
				SWIFT_VERSION = 5.9;
				TARGETED_DEVICE_FAMILY = "1,2";
			};
			name = Staging;
		};
	95799CE82EAA6716006823BE /* Staging */ = {
		isa = XCBuildConfiguration;
		baseConfigurationReference = E46BA0D402934E1BB297E1E4 /* Tests.xcconfig */;
		buildSettings = {
				PRODUCT_NAME = SherpaTests;
			};
			name = Staging;
		};
	95799CE92EAA6716006823BE /* Staging */ = {
		isa = XCBuildConfiguration;
		baseConfigurationReference = 0B3744B3D33D4C249F93880F /* UITests.xcconfig */;
		buildSettings = {
				PRODUCT_NAME = SherpaUITests;
			};
			name = Staging;
		};
        95B1F5642E9FDD5D00777560 /* Debug */ = {
            isa = XCBuildConfiguration;
            baseConfigurationReference = D58892C7A50C4DE08A4338CC /* Project.Debug.xcconfig */;
			buildSettings = {
				ALWAYS_SEARCH_USER_PATHS = NO;
				ASSETCATALOG_COMPILER_GENERATE_SWIFT_ASSET_SYMBOL_EXTENSIONS = YES;
				CLANG_ANALYZER_NONNULL = YES;
				CLANG_ANALYZER_NUMBER_OBJECT_CONVERSION = YES_AGGRESSIVE;
				CLANG_CXX_LANGUAGE_STANDARD = "gnu++20";
				CLANG_ENABLE_MODULES = YES;
				CLANG_ENABLE_OBJC_ARC = YES;
				CLANG_ENABLE_OBJC_WEAK = YES;
				CLANG_WARN_BLOCK_CAPTURE_AUTORELEASING = YES;
				CLANG_WARN_BOOL_CONVERSION = YES;
				CLANG_WARN_COMMA = YES;
				CLANG_WARN_CONSTANT_CONVERSION = YES;
				CLANG_WARN_DEPRECATED_OBJC_IMPLEMENTATIONS = YES;
				CLANG_WARN_DIRECT_OBJC_ISA_USAGE = YES_ERROR;
				CLANG_WARN_DOCUMENTATION_COMMENTS = YES;
				CLANG_WARN_EMPTY_BODY = YES;
				CLANG_WARN_ENUM_CONVERSION = YES;
				CLANG_WARN_INFINITE_RECURSION = YES;
				CLANG_WARN_INT_CONVERSION = YES;
				CLANG_WARN_NON_LITERAL_NULL_CONVERSION = YES;
				CLANG_WARN_OBJC_IMPLICIT_RETAIN_SELF = YES;
				CLANG_WARN_OBJC_LITERAL_CONVERSION = YES;
				CLANG_WARN_OBJC_ROOT_CLASS = YES_ERROR;
				CLANG_WARN_QUOTED_INCLUDE_IN_FRAMEWORK_HEADER = YES;
				CLANG_WARN_RANGE_LOOP_ANALYSIS = YES;
				CLANG_WARN_STRICT_PROTOTYPES = YES;
				CLANG_WARN_SUSPICIOUS_MOVE = YES;
				CLANG_WARN_UNGUARDED_AVAILABILITY = YES_AGGRESSIVE;
				CLANG_WARN_UNREACHABLE_CODE = YES;
				CLANG_WARN__DUPLICATE_METHOD_MATCH = YES;
				COPY_PHASE_STRIP = NO;
				DEBUG_INFORMATION_FORMAT = dwarf;
				DEVELOPMENT_TEAM = F5P964R966;
				ENABLE_STRICT_OBJC_MSGSEND = YES;
				ENABLE_TESTABILITY = YES;
				ENABLE_USER_SCRIPT_SANDBOXING = YES;
				GCC_C_LANGUAGE_STANDARD = gnu17;
				GCC_DYNAMIC_NO_PIC = NO;
				GCC_NO_COMMON_BLOCKS = YES;
				GCC_OPTIMIZATION_LEVEL = 0;
				GCC_PREPROCESSOR_DEFINITIONS = (
					"DEBUG=1",
					"$(inherited)",
				);
				GCC_WARN_64_TO_32_BIT_CONVERSION = YES;
				GCC_WARN_ABOUT_RETURN_TYPE = YES_ERROR;
				GCC_WARN_UNDECLARED_SELECTOR = YES;
				GCC_WARN_UNINITIALIZED_AUTOS = YES_AGGRESSIVE;
				GCC_WARN_UNUSED_FUNCTION = YES;
				GCC_WARN_UNUSED_VARIABLE = YES;
				IPHONEOS_DEPLOYMENT_TARGET = 17.0;
				LOCALIZATION_PREFERS_STRING_CATALOGS = YES;
				MTL_ENABLE_DEBUG_INFO = INCLUDE_SOURCE;
				MTL_FAST_MATH = YES;
				ONLY_ACTIVE_ARCH = YES;
				SDKROOT = iphoneos;
				SWIFT_ACTIVE_COMPILATION_CONDITIONS = "DEBUG $(inherited)";
				SWIFT_OPTIMIZATION_LEVEL = "-Onone";
			};
			name = Debug;
		};
        95B1F5652E9FDD5D00777560 /* Release */ = {
            isa = XCBuildConfiguration;
            baseConfigurationReference = 284C4B773FA74314B7A33E6C /* Project.Release.xcconfig */;
			buildSettings = {
				ALWAYS_SEARCH_USER_PATHS = NO;
				ASSETCATALOG_COMPILER_GENERATE_SWIFT_ASSET_SYMBOL_EXTENSIONS = YES;
				CLANG_ANALYZER_NONNULL = YES;
				CLANG_ANALYZER_NUMBER_OBJECT_CONVERSION = YES_AGGRESSIVE;
				CLANG_CXX_LANGUAGE_STANDARD = "gnu++20";
				CLANG_ENABLE_MODULES = YES;
				CLANG_ENABLE_OBJC_ARC = YES;
				CLANG_ENABLE_OBJC_WEAK = YES;
				CLANG_WARN_BLOCK_CAPTURE_AUTORELEASING = YES;
				CLANG_WARN_BOOL_CONVERSION = YES;
				CLANG_WARN_COMMA = YES;
				CLANG_WARN_CONSTANT_CONVERSION = YES;
				CLANG_WARN_DEPRECATED_OBJC_IMPLEMENTATIONS = YES;
				CLANG_WARN_DIRECT_OBJC_ISA_USAGE = YES_ERROR;
				CLANG_WARN_DOCUMENTATION_COMMENTS = YES;
				CLANG_WARN_EMPTY_BODY = YES;
				CLANG_WARN_ENUM_CONVERSION = YES;
				CLANG_WARN_INFINITE_RECURSION = YES;
				CLANG_WARN_INT_CONVERSION = YES;
				CLANG_WARN_NON_LITERAL_NULL_CONVERSION = YES;
				CLANG_WARN_OBJC_IMPLICIT_RETAIN_SELF = YES;
				CLANG_WARN_OBJC_LITERAL_CONVERSION = YES;
				CLANG_WARN_OBJC_ROOT_CLASS = YES_ERROR;
				CLANG_WARN_QUOTED_INCLUDE_IN_FRAMEWORK_HEADER = YES;
				CLANG_WARN_RANGE_LOOP_ANALYSIS = YES;
				CLANG_WARN_STRICT_PROTOTYPES = YES;
				CLANG_WARN_SUSPICIOUS_MOVE = YES;
				CLANG_WARN_UNGUARDED_AVAILABILITY = YES_AGGRESSIVE;
				CLANG_WARN_UNREACHABLE_CODE = YES;
				CLANG_WARN__DUPLICATE_METHOD_MATCH = YES;
				COPY_PHASE_STRIP = NO;
				DEBUG_INFORMATION_FORMAT = "dwarf-with-dsym";
				DEVELOPMENT_TEAM = F5P964R966;
				ENABLE_NS_ASSERTIONS = NO;
				ENABLE_STRICT_OBJC_MSGSEND = YES;
				ENABLE_USER_SCRIPT_SANDBOXING = YES;
				GCC_C_LANGUAGE_STANDARD = gnu17;
				GCC_NO_COMMON_BLOCKS = YES;
				GCC_WARN_64_TO_32_BIT_CONVERSION = YES;
				GCC_WARN_ABOUT_RETURN_TYPE = YES_ERROR;
				GCC_WARN_UNDECLARED_SELECTOR = YES;
				GCC_WARN_UNINITIALIZED_AUTOS = YES_AGGRESSIVE;
				GCC_WARN_UNUSED_FUNCTION = YES;
				GCC_WARN_UNUSED_VARIABLE = YES;
				IPHONEOS_DEPLOYMENT_TARGET = 17.0;
				LOCALIZATION_PREFERS_STRING_CATALOGS = YES;
				MTL_ENABLE_DEBUG_INFO = NO;
				MTL_FAST_MATH = YES;
				SDKROOT = iphoneos;
				SWIFT_COMPILATION_MODE = wholemodule;
				VALIDATE_PRODUCT = YES;
			};
			name = Release;
		};
		95B1F5672E9FDD5D00777560 /* Debug */ = {
			isa = XCBuildConfiguration;
			baseConfigurationReference = BA6F1624A5664F65AC8E9883 /* Debug.xcconfig */;
			buildSettings = {
				ASSETCATALOG_COMPILER_APPICON_NAME = AppIcon;
				ASSETCATALOG_COMPILER_GLOBAL_ACCENT_COLOR_NAME = AccentColor;
				CURRENT_PROJECT_VERSION = 1;
				DEVELOPMENT_ASSET_PATHS = "\"Sherpa/Resources/Preview Content/Preview Assets.xcassets\"";
				DEVELOPMENT_TEAM = F5P964R966;
				ENABLE_PREVIEWS = YES;
				GENERATE_INFOPLIST_FILE = NO;
				LD_RUNPATH_SEARCH_PATHS = (
					"$(inherited)",
					"@executable_path/Frameworks",
				);
				MARKETING_VERSION = 1.0;
				OTHER_SWIFT_FLAGS = "$(inherited) -Xfrontend -warn-long-function-bodies=200 -Xfrontend -warn-long-expression-type-checking=200";
				PRIVACY_MANIFEST_FILE = Sherpa/Resources/PrivacyInfo.xcprivacy;
				STRING_CATALOG_GENERATE_SYMBOLS = YES;
				SWIFT_APPROACHABLE_CONCURRENCY = YES;
				SWIFT_DEFAULT_ACTOR_ISOLATION = MainActor;
				SWIFT_EMIT_LOC_STRINGS = YES;
				SWIFT_UPCOMING_FEATURE_MEMBER_IMPORT_VISIBILITY = YES;
				SWIFT_VERSION = 5.9;
				TARGETED_DEVICE_FAMILY = "1,2";
			};
			name = Debug;
		};
		95B1F5682E9FDD5D00777560 /* Release */ = {
			isa = XCBuildConfiguration;
			baseConfigurationReference = EB07CD80E852463C8B05D09D /* Release.xcconfig */;
			buildSettings = {
				ASSETCATALOG_COMPILER_APPICON_NAME = AppIcon;
				ASSETCATALOG_COMPILER_GLOBAL_ACCENT_COLOR_NAME = AccentColor;
				CURRENT_PROJECT_VERSION = 1;
				DEVELOPMENT_ASSET_PATHS = "\"Sherpa/Resources/Preview Content/Preview Assets.xcassets\"";
				DEVELOPMENT_TEAM = F5P964R966;
				ENABLE_PREVIEWS = YES;
				GENERATE_INFOPLIST_FILE = NO;
				LD_RUNPATH_SEARCH_PATHS = (
					"$(inherited)",
					"@executable_path/Frameworks",
				);
				MARKETING_VERSION = 1.0;
				PRIVACY_MANIFEST_FILE = Sherpa/Resources/PrivacyInfo.xcprivacy;
				STRING_CATALOG_GENERATE_SYMBOLS = YES;
				SWIFT_APPROACHABLE_CONCURRENCY = YES;
				SWIFT_DEFAULT_ACTOR_ISOLATION = MainActor;
				SWIFT_EMIT_LOC_STRINGS = YES;
				SWIFT_UPCOMING_FEATURE_MEMBER_IMPORT_VISIBILITY = YES;
				SWIFT_VERSION = 5.9;
				TARGETED_DEVICE_FAMILY = "1,2";
			};
			name = Release;
		};
		95B1F56A2E9FDD5D00777560 /* Debug */ = {
			isa = XCBuildConfiguration;
			baseConfigurationReference = E46BA0D402934E1BB297E1E4 /* Tests.xcconfig */;
			buildSettings = {
				BUNDLE_LOADER = "$(TEST_HOST)";
				CODE_SIGN_STYLE = Automatic;
				CURRENT_PROJECT_VERSION = 1;
				DEVELOPMENT_TEAM = F5P964R966;
				GENERATE_INFOPLIST_FILE = YES;
				IPHONEOS_DEPLOYMENT_TARGET = 17.0;
				MARKETING_VERSION = 1.0;
				PRODUCT_BUNDLE_IDENTIFIER = com.sherpadaily.SherpaTests;
				PRODUCT_NAME = "$(TARGET_NAME)";
				STRING_CATALOG_GENERATE_SYMBOLS = NO;
				SWIFT_APPROACHABLE_CONCURRENCY = YES;
				SWIFT_EMIT_LOC_STRINGS = NO;
				SWIFT_UPCOMING_FEATURE_MEMBER_IMPORT_VISIBILITY = YES;
				SWIFT_VERSION = 5.9;
				TARGETED_DEVICE_FAMILY = "1,2";
				TEST_HOST = "$(BUILT_PRODUCTS_DIR)/Sherpa.app/$(BUNDLE_EXECUTABLE_FOLDER_PATH)/Sherpa";
			};
			name = Debug;
		};
		95B1F56B2E9FDD5D00777560 /* Release */ = {
			isa = XCBuildConfiguration;
			baseConfigurationReference = E46BA0D402934E1BB297E1E4 /* Tests.xcconfig */;
			buildSettings = {
				BUNDLE_LOADER = "$(TEST_HOST)";
				CODE_SIGN_STYLE = Automatic;
				CURRENT_PROJECT_VERSION = 1;
				DEVELOPMENT_TEAM = F5P964R966;
				GENERATE_INFOPLIST_FILE = YES;
				IPHONEOS_DEPLOYMENT_TARGET = 17.0;
				MARKETING_VERSION = 1.0;
				PRODUCT_BUNDLE_IDENTIFIER = com.sherpadaily.SherpaTests;
				PRODUCT_NAME = "$(TARGET_NAME)";
				STRING_CATALOG_GENERATE_SYMBOLS = NO;
				SWIFT_APPROACHABLE_CONCURRENCY = YES;
				SWIFT_EMIT_LOC_STRINGS = NO;
				SWIFT_UPCOMING_FEATURE_MEMBER_IMPORT_VISIBILITY = YES;
				SWIFT_VERSION = 5.9;
				TARGETED_DEVICE_FAMILY = "1,2";
				TEST_HOST = "$(BUILT_PRODUCTS_DIR)/Sherpa.app/$(BUNDLE_EXECUTABLE_FOLDER_PATH)/Sherpa";
			};
			name = Release;
		};
		95B1F56D2E9FDD5D00777560 /* Debug */ = {
			isa = XCBuildConfiguration;
			baseConfigurationReference = 0B3744B3D33D4C249F93880F /* UITests.xcconfig */;
			buildSettings = {
				CODE_SIGN_STYLE = Automatic;
				CURRENT_PROJECT_VERSION = 1;
				DEVELOPMENT_TEAM = F5P964R966;
				GENERATE_INFOPLIST_FILE = YES;
				MARKETING_VERSION = 1.0;
				PRODUCT_BUNDLE_IDENTIFIER = com.sherpadaily.SherpaUITests;
				PRODUCT_NAME = "$(TARGET_NAME)";
				STRING_CATALOG_GENERATE_SYMBOLS = NO;
				SWIFT_APPROACHABLE_CONCURRENCY = YES;
				SWIFT_EMIT_LOC_STRINGS = NO;
				SWIFT_UPCOMING_FEATURE_MEMBER_IMPORT_VISIBILITY = YES;
				SWIFT_VERSION = 5.9;
				TARGETED_DEVICE_FAMILY = "1,2";
				TEST_TARGET_NAME = Sherpa;
			};
			name = Debug;
		};
		95B1F56E2E9FDD5D00777560 /* Release */ = {
			isa = XCBuildConfiguration;
			baseConfigurationReference = 0B3744B3D33D4C249F93880F /* UITests.xcconfig */;
			buildSettings = {
				CODE_SIGN_STYLE = Automatic;
				CURRENT_PROJECT_VERSION = 1;
				DEVELOPMENT_TEAM = F5P964R966;
				GENERATE_INFOPLIST_FILE = YES;
				MARKETING_VERSION = 1.0;
				PRODUCT_BUNDLE_IDENTIFIER = com.sherpadaily.SherpaUITests;
				PRODUCT_NAME = "$(TARGET_NAME)";
				STRING_CATALOG_GENERATE_SYMBOLS = NO;
				SWIFT_APPROACHABLE_CONCURRENCY = YES;
				SWIFT_EMIT_LOC_STRINGS = NO;
				SWIFT_UPCOMING_FEATURE_MEMBER_IMPORT_VISIBILITY = YES;
				SWIFT_VERSION = 5.9;
				TARGETED_DEVICE_FAMILY = "1,2";
				TEST_TARGET_NAME = Sherpa;
			};
			name = Release;
		};
	A3D8ECB3FC914E24821ECB3C /* Staging */ = {
		isa = XCBuildConfiguration;
		baseConfigurationReference = 221F697753D642568799B750 /* Project.Staging.xcconfig */;
		buildSettings = {
				ALWAYS_SEARCH_USER_PATHS = NO;
				ASSETCATALOG_COMPILER_GENERATE_SWIFT_ASSET_SYMBOL_EXTENSIONS = YES;
				CLANG_ANALYZER_NONNULL = YES;
				CLANG_ANALYZER_NUMBER_OBJECT_CONVERSION = YES_AGGRESSIVE;
				CLANG_CXX_LANGUAGE_STANDARD = "gnu++20";
				CLANG_ENABLE_MODULES = YES;
				CLANG_ENABLE_OBJC_ARC = YES;
				CLANG_ENABLE_OBJC_WEAK = YES;
				CLANG_WARN_BLOCK_CAPTURE_AUTORELEASING = YES;
				CLANG_WARN_BOOL_CONVERSION = YES;
				CLANG_WARN_COMMA = YES;
				CLANG_WARN_CONSTANT_CONVERSION = YES;
				CLANG_WARN_DEPRECATED_OBJC_IMPLEMENTATIONS = YES;
				CLANG_WARN_DIRECT_OBJC_ISA_USAGE = YES_ERROR;
				CLANG_WARN_DOCUMENTATION_COMMENTS = YES;
				CLANG_WARN_EMPTY_BODY = YES;
				CLANG_WARN_ENUM_CONVERSION = YES;
				CLANG_WARN_INFINITE_RECURSION = YES;
				CLANG_WARN_INT_CONVERSION = YES;
				CLANG_WARN_NON_LITERAL_NULL_CONVERSION = YES;
				CLANG_WARN_OBJC_IMPLICIT_RETAIN_SELF = YES;
				CLANG_WARN_OBJC_LITERAL_CONVERSION = YES;
				CLANG_WARN_OBJC_ROOT_CLASS = YES_ERROR;
				CLANG_WARN_QUOTED_INCLUDE_IN_FRAMEWORK_HEADER = YES;
				CLANG_WARN_RANGE_LOOP_ANALYSIS = YES;
				CLANG_WARN_STRICT_PROTOTYPES = YES;
				CLANG_WARN_SUSPICIOUS_MOVE = YES;
				CLANG_WARN_UNGUARDED_AVAILABILITY = YES_AGGRESSIVE;
				CLANG_WARN_UNREACHABLE_CODE = YES;
				CLANG_WARN__DUPLICATE_METHOD_MATCH = YES;
				COPY_PHASE_STRIP = NO;
				DEBUG_INFORMATION_FORMAT = "dwarf-with-dsym";
				DEVELOPMENT_TEAM = F5P964R966;
				ENABLE_NS_ASSERTIONS = NO;
				ENABLE_STRICT_OBJC_MSGSEND = YES;
				ENABLE_USER_SCRIPT_SANDBOXING = YES;
				GCC_C_LANGUAGE_STANDARD = gnu17;
				GCC_NO_COMMON_BLOCKS = YES;
				GCC_WARN_64_TO_32_BIT_CONVERSION = YES;
				GCC_WARN_ABOUT_RETURN_TYPE = YES_ERROR;
				GCC_WARN_UNDECLARED_SELECTOR = YES;
				GCC_WARN_UNINITIALIZED_AUTOS = YES_AGGRESSIVE;
				GCC_WARN_UNUSED_FUNCTION = YES;
				GCC_WARN_UNUSED_VARIABLE = YES;
				IPHONEOS_DEPLOYMENT_TARGET = 17.0;
				LOCALIZATION_PREFERS_STRING_CATALOGS = YES;
				MTL_ENABLE_DEBUG_INFO = NO;
				MTL_FAST_MATH = YES;
				SDKROOT = iphoneos;
				SWIFT_COMPILATION_MODE = wholemodule;
				VALIDATE_PRODUCT = YES;
			};
			name = Staging;
		};
/* End XCBuildConfiguration section */

/* Begin XCConfigurationList section */
		95B1F53B2E9FDD5C00777560 /* Build configuration list for PBXProject "Sherpa" */ = {
			isa = XCConfigurationList;
			buildConfigurations = (
				95B1F5642E9FDD5D00777560 /* Debug */,
				95B1F5652E9FDD5D00777560 /* Release */,
				A3D8ECB3FC914E24821ECB3C /* Staging */,
			);
			defaultConfigurationIsVisible = 0;
			defaultConfigurationName = Release;
		};
		95B1F5662E9FDD5D00777560 /* Build configuration list for PBXNativeTarget "Sherpa" */ = {
			isa = XCConfigurationList;
			buildConfigurations = (
				95B1F5672E9FDD5D00777560 /* Debug */,
				95B1F5682E9FDD5D00777560 /* Release */,
				3307759A6383429088662B7D /* Staging */,
			);
			defaultConfigurationIsVisible = 0;
			defaultConfigurationName = Release;
		};
		95B1F5692E9FDD5D00777560 /* Build configuration list for PBXNativeTarget "SherpaTests" */ = {
			isa = XCConfigurationList;
			buildConfigurations = (
				95B1F56A2E9FDD5D00777560 /* Debug */,
				95B1F56B2E9FDD5D00777560 /* Release */,
				95799CE82EAA6716006823BE /* Staging */,
			);
			defaultConfigurationIsVisible = 0;
			defaultConfigurationName = Release;
		};
		95B1F56C2E9FDD5D00777560 /* Build configuration list for PBXNativeTarget "SherpaUITests" */ = {
			isa = XCConfigurationList;
			buildConfigurations = (
				95B1F56D2E9FDD5D00777560 /* Debug */,
				95B1F56E2E9FDD5D00777560 /* Release */,
				95799CE92EAA6716006823BE /* Staging */,
			);
			defaultConfigurationIsVisible = 0;
			defaultConfigurationName = Release;
		};
/* End XCConfigurationList section */
	};
	rootObject = 95B1F5382E9FDD5C00777560 /* Project object */;
}
